// !$*UTF8*$!
{
	archiveVersion = 1;
	classes = {
	};
	objectVersion = 56;
	objects = {

/* Begin PBXBuildFile section */
		2D84C65E293A505A00FA9A78 /* aoc2022App.swift in Sources */ = {isa = PBXBuildFile; fileRef = 2D84C65D293A505A00FA9A78 /* aoc2022App.swift */; };
		2D84C660293A505A00FA9A78 /* ContentView.swift in Sources */ = {isa = PBXBuildFile; fileRef = 2D84C65F293A505A00FA9A78 /* ContentView.swift */; };
		2D84C662293A505B00FA9A78 /* Assets.xcassets in Resources */ = {isa = PBXBuildFile; fileRef = 2D84C661293A505B00FA9A78 /* Assets.xcassets */; };
		2D84C665293A505B00FA9A78 /* Preview Assets.xcassets in Resources */ = {isa = PBXBuildFile; fileRef = 2D84C664293A505B00FA9A78 /* Preview Assets.xcassets */; };
		2D84C66F293A505C00FA9A78 /* aoc2022Tests.swift in Sources */ = {isa = PBXBuildFile; fileRef = 2D84C66E293A505C00FA9A78 /* aoc2022Tests.swift */; };
		2D84C679293A505C00FA9A78 /* aoc2022UITests.swift in Sources */ = {isa = PBXBuildFile; fileRef = 2D84C678293A505C00FA9A78 /* aoc2022UITests.swift */; };
		2D84C67B293A505C00FA9A78 /* aoc2022UITestsLaunchTests.swift in Sources */ = {isa = PBXBuildFile; fileRef = 2D84C67A293A505C00FA9A78 /* aoc2022UITestsLaunchTests.swift */; };
		2D84C688293A515F00FA9A78 /* Puzzle.swift in Sources */ = {isa = PBXBuildFile; fileRef = 2D84C687293A515E00FA9A78 /* Puzzle.swift */; };
		2D84C689293A515F00FA9A78 /* Puzzle.swift in Sources */ = {isa = PBXBuildFile; fileRef = 2D84C687293A515E00FA9A78 /* Puzzle.swift */; };
		2D84C68B293A516E00FA9A78 /* puzzleInputs.swift in Sources */ = {isa = PBXBuildFile; fileRef = 2D84C68A293A516E00FA9A78 /* puzzleInputs.swift */; };
		2D84C68C293A516E00FA9A78 /* puzzleInputs.swift in Sources */ = {isa = PBXBuildFile; fileRef = 2D84C68A293A516E00FA9A78 /* puzzleInputs.swift */; };
		2D84C68F293A51B300FA9A78 /* day1.txt in Resources */ = {isa = PBXBuildFile; fileRef = 2D84C68E293A51B300FA9A78 /* day1.txt */; };
		2D84C690293A51B300FA9A78 /* day1.txt in Resources */ = {isa = PBXBuildFile; fileRef = 2D84C68E293A51B300FA9A78 /* day1.txt */; };
		2D84C692293A51C300FA9A78 /* day2.txt in Resources */ = {isa = PBXBuildFile; fileRef = 2D84C691293A51C300FA9A78 /* day2.txt */; };
		2D84C693293A51C300FA9A78 /* day2.txt in Resources */ = {isa = PBXBuildFile; fileRef = 2D84C691293A51C300FA9A78 /* day2.txt */; };
		2D84C696293A51EE00FA9A78 /* day1.swift in Sources */ = {isa = PBXBuildFile; fileRef = 2D84C695293A51EE00FA9A78 /* day1.swift */; };
		2D84C697293A51EE00FA9A78 /* day1.swift in Sources */ = {isa = PBXBuildFile; fileRef = 2D84C695293A51EE00FA9A78 /* day1.swift */; };
		2D84C699293A5A1B00FA9A78 /* day2.swift in Sources */ = {isa = PBXBuildFile; fileRef = 2D84C698293A5A1B00FA9A78 /* day2.swift */; };
		2D84C69A293A5A1B00FA9A78 /* day2.swift in Sources */ = {isa = PBXBuildFile; fileRef = 2D84C698293A5A1B00FA9A78 /* day2.swift */; };
		2D84C69C293E3EE800FA9A78 /* day3.txt in Resources */ = {isa = PBXBuildFile; fileRef = 2D84C69B293E3EE800FA9A78 /* day3.txt */; };
		2D84C69D293E3EED00FA9A78 /* day3.txt in Resources */ = {isa = PBXBuildFile; fileRef = 2D84C69B293E3EE800FA9A78 /* day3.txt */; };
		2D84C69F293E3EFD00FA9A78 /* day3.swift in Sources */ = {isa = PBXBuildFile; fileRef = 2D84C69E293E3EFD00FA9A78 /* day3.swift */; };
		2D84C6A1293E467C00FA9A78 /* ArrayExtensions.swift in Sources */ = {isa = PBXBuildFile; fileRef = 2D84C6A0293E467C00FA9A78 /* ArrayExtensions.swift */; };
		2D84C6A3293E48E000FA9A78 /* day4.txt in Resources */ = {isa = PBXBuildFile; fileRef = 2D84C6A2293E48E000FA9A78 /* day4.txt */; };
		2D84C6A5293E495B00FA9A78 /* day4.swift in Sources */ = {isa = PBXBuildFile; fileRef = 2D84C6A4293E495B00FA9A78 /* day4.swift */; };
/* End PBXBuildFile section */

/* Begin PBXContainerItemProxy section */
		2D84C66B293A505C00FA9A78 /* PBXContainerItemProxy */ = {
			isa = PBXContainerItemProxy;
			containerPortal = 2D84C652293A505A00FA9A78 /* Project object */;
			proxyType = 1;
			remoteGlobalIDString = 2D84C659293A505A00FA9A78;
			remoteInfo = aoc2022;
		};
		2D84C675293A505C00FA9A78 /* PBXContainerItemProxy */ = {
			isa = PBXContainerItemProxy;
			containerPortal = 2D84C652293A505A00FA9A78 /* Project object */;
			proxyType = 1;
			remoteGlobalIDString = 2D84C659293A505A00FA9A78;
			remoteInfo = aoc2022;
		};
/* End PBXContainerItemProxy section */

/* Begin PBXFileReference section */
		2D84C65A293A505A00FA9A78 /* aoc2022.app */ = {isa = PBXFileReference; explicitFileType = wrapper.application; includeInIndex = 0; path = aoc2022.app; sourceTree = BUILT_PRODUCTS_DIR; };
		2D84C65D293A505A00FA9A78 /* aoc2022App.swift */ = {isa = PBXFileReference; lastKnownFileType = sourcecode.swift; path = aoc2022App.swift; sourceTree = "<group>"; };
		2D84C65F293A505A00FA9A78 /* ContentView.swift */ = {isa = PBXFileReference; lastKnownFileType = sourcecode.swift; path = ContentView.swift; sourceTree = "<group>"; };
		2D84C661293A505B00FA9A78 /* Assets.xcassets */ = {isa = PBXFileReference; lastKnownFileType = folder.assetcatalog; path = Assets.xcassets; sourceTree = "<group>"; };
		2D84C664293A505B00FA9A78 /* Preview Assets.xcassets */ = {isa = PBXFileReference; lastKnownFileType = folder.assetcatalog; path = "Preview Assets.xcassets"; sourceTree = "<group>"; };
		2D84C66A293A505C00FA9A78 /* aoc2022Tests.xctest */ = {isa = PBXFileReference; explicitFileType = wrapper.cfbundle; includeInIndex = 0; path = aoc2022Tests.xctest; sourceTree = BUILT_PRODUCTS_DIR; };
		2D84C66E293A505C00FA9A78 /* aoc2022Tests.swift */ = {isa = PBXFileReference; lastKnownFileType = sourcecode.swift; path = aoc2022Tests.swift; sourceTree = "<group>"; };
		2D84C674293A505C00FA9A78 /* aoc2022UITests.xctest */ = {isa = PBXFileReference; explicitFileType = wrapper.cfbundle; includeInIndex = 0; path = aoc2022UITests.xctest; sourceTree = BUILT_PRODUCTS_DIR; };
		2D84C678293A505C00FA9A78 /* aoc2022UITests.swift */ = {isa = PBXFileReference; lastKnownFileType = sourcecode.swift; path = aoc2022UITests.swift; sourceTree = "<group>"; };
		2D84C67A293A505C00FA9A78 /* aoc2022UITestsLaunchTests.swift */ = {isa = PBXFileReference; lastKnownFileType = sourcecode.swift; path = aoc2022UITestsLaunchTests.swift; sourceTree = "<group>"; };
		2D84C687293A515E00FA9A78 /* Puzzle.swift */ = {isa = PBXFileReference; fileEncoding = 4; lastKnownFileType = sourcecode.swift; path = Puzzle.swift; sourceTree = "<group>"; };
		2D84C68A293A516E00FA9A78 /* puzzleInputs.swift */ = {isa = PBXFileReference; fileEncoding = 4; lastKnownFileType = sourcecode.swift; path = puzzleInputs.swift; sourceTree = "<group>"; };
		2D84C68E293A51B300FA9A78 /* day1.txt */ = {isa = PBXFileReference; lastKnownFileType = text; path = day1.txt; sourceTree = "<group>"; };
		2D84C691293A51C300FA9A78 /* day2.txt */ = {isa = PBXFileReference; lastKnownFileType = text; path = day2.txt; sourceTree = "<group>"; };
		2D84C695293A51EE00FA9A78 /* day1.swift */ = {isa = PBXFileReference; lastKnownFileType = sourcecode.swift; path = day1.swift; sourceTree = "<group>"; };
		2D84C698293A5A1B00FA9A78 /* day2.swift */ = {isa = PBXFileReference; lastKnownFileType = sourcecode.swift; path = day2.swift; sourceTree = "<group>"; };
		2D84C69B293E3EE800FA9A78 /* day3.txt */ = {isa = PBXFileReference; lastKnownFileType = text; path = day3.txt; sourceTree = "<group>"; };
		2D84C69E293E3EFD00FA9A78 /* day3.swift */ = {isa = PBXFileReference; lastKnownFileType = sourcecode.swift; path = day3.swift; sourceTree = "<group>"; };
		2D84C6A0293E467C00FA9A78 /* ArrayExtensions.swift */ = {isa = PBXFileReference; lastKnownFileType = sourcecode.swift; path = ArrayExtensions.swift; sourceTree = "<group>"; };
		2D84C6A2293E48E000FA9A78 /* day4.txt */ = {isa = PBXFileReference; lastKnownFileType = text; path = day4.txt; sourceTree = "<group>"; };
		2D84C6A4293E495B00FA9A78 /* day4.swift */ = {isa = PBXFileReference; lastKnownFileType = sourcecode.swift; path = day4.swift; sourceTree = "<group>"; };
/* End PBXFileReference section */

/* Begin PBXFrameworksBuildPhase section */
		2D84C657293A505A00FA9A78 /* Frameworks */ = {
			isa = PBXFrameworksBuildPhase;
			buildActionMask = 2147483647;
			files = (
			);
			runOnlyForDeploymentPostprocessing = 0;
		};
		2D84C667293A505C00FA9A78 /* Frameworks */ = {
			isa = PBXFrameworksBuildPhase;
			buildActionMask = 2147483647;
			files = (
			);
			runOnlyForDeploymentPostprocessing = 0;
		};
		2D84C671293A505C00FA9A78 /* Frameworks */ = {
			isa = PBXFrameworksBuildPhase;
			buildActionMask = 2147483647;
			files = (
			);
			runOnlyForDeploymentPostprocessing = 0;
		};
/* End PBXFrameworksBuildPhase section */

/* Begin PBXGroup section */
		2D84C651293A505A00FA9A78 = {
			isa = PBXGroup;
			children = (
				2D84C65C293A505A00FA9A78 /* aoc2022 */,
				2D84C66D293A505C00FA9A78 /* aoc2022Tests */,
				2D84C677293A505C00FA9A78 /* aoc2022UITests */,
				2D84C65B293A505A00FA9A78 /* Products */,
			);
			sourceTree = "<group>";
		};
		2D84C65B293A505A00FA9A78 /* Products */ = {
			isa = PBXGroup;
			children = (
				2D84C65A293A505A00FA9A78 /* aoc2022.app */,
				2D84C66A293A505C00FA9A78 /* aoc2022Tests.xctest */,
				2D84C674293A505C00FA9A78 /* aoc2022UITests.xctest */,
			);
			name = Products;
			sourceTree = "<group>";
		};
		2D84C65C293A505A00FA9A78 /* aoc2022 */ = {
			isa = PBXGroup;
			children = (
				2D84C694293A51CF00FA9A78 /* days */,
				2D84C68D293A518300FA9A78 /* inputs */,
				2D84C687293A515E00FA9A78 /* Puzzle.swift */,
				2D84C68A293A516E00FA9A78 /* puzzleInputs.swift */,
				2D84C65D293A505A00FA9A78 /* aoc2022App.swift */,
				2D84C65F293A505A00FA9A78 /* ContentView.swift */,
				2D84C661293A505B00FA9A78 /* Assets.xcassets */,
				2D84C663293A505B00FA9A78 /* Preview Content */,
				2D84C6A0293E467C00FA9A78 /* ArrayExtensions.swift */,
			);
			path = aoc2022;
			sourceTree = "<group>";
		};
		2D84C663293A505B00FA9A78 /* Preview Content */ = {
			isa = PBXGroup;
			children = (
				2D84C664293A505B00FA9A78 /* Preview Assets.xcassets */,
			);
			path = "Preview Content";
			sourceTree = "<group>";
		};
		2D84C66D293A505C00FA9A78 /* aoc2022Tests */ = {
			isa = PBXGroup;
			children = (
				2D84C66E293A505C00FA9A78 /* aoc2022Tests.swift */,
			);
			path = aoc2022Tests;
			sourceTree = "<group>";
		};
		2D84C677293A505C00FA9A78 /* aoc2022UITests */ = {
			isa = PBXGroup;
			children = (
				2D84C678293A505C00FA9A78 /* aoc2022UITests.swift */,
				2D84C67A293A505C00FA9A78 /* aoc2022UITestsLaunchTests.swift */,
			);
			path = aoc2022UITests;
			sourceTree = "<group>";
		};
		2D84C68D293A518300FA9A78 /* inputs */ = {
			isa = PBXGroup;
			children = (
				2D84C68E293A51B300FA9A78 /* day1.txt */,
				2D84C691293A51C300FA9A78 /* day2.txt */,
				2D84C69B293E3EE800FA9A78 /* day3.txt */,
				2D84C6A2293E48E000FA9A78 /* day4.txt */,
			);
			path = inputs;
			sourceTree = "<group>";
		};
		2D84C694293A51CF00FA9A78 /* days */ = {
			isa = PBXGroup;
			children = (
				2D84C695293A51EE00FA9A78 /* day1.swift */,
				2D84C698293A5A1B00FA9A78 /* day2.swift */,
				2D84C69E293E3EFD00FA9A78 /* day3.swift */,
				2D84C6A4293E495B00FA9A78 /* day4.swift */,
			);
			path = days;
			sourceTree = "<group>";
		};
/* End PBXGroup section */

/* Begin PBXNativeTarget section */
		2D84C659293A505A00FA9A78 /* aoc2022 */ = {
			isa = PBXNativeTarget;
			buildConfigurationList = 2D84C67E293A505C00FA9A78 /* Build configuration list for PBXNativeTarget "aoc2022" */;
			buildPhases = (
				2D84C656293A505A00FA9A78 /* Sources */,
				2D84C657293A505A00FA9A78 /* Frameworks */,
				2D84C658293A505A00FA9A78 /* Resources */,
			);
			buildRules = (
			);
			dependencies = (
			);
			name = aoc2022;
			productName = aoc2022;
			productReference = 2D84C65A293A505A00FA9A78 /* aoc2022.app */;
			productType = "com.apple.product-type.application";
		};
		2D84C669293A505C00FA9A78 /* aoc2022Tests */ = {
			isa = PBXNativeTarget;
			buildConfigurationList = 2D84C681293A505C00FA9A78 /* Build configuration list for PBXNativeTarget "aoc2022Tests" */;
			buildPhases = (
				2D84C666293A505C00FA9A78 /* Sources */,
				2D84C667293A505C00FA9A78 /* Frameworks */,
				2D84C668293A505C00FA9A78 /* Resources */,
			);
			buildRules = (
			);
			dependencies = (
				2D84C66C293A505C00FA9A78 /* PBXTargetDependency */,
			);
			name = aoc2022Tests;
			productName = aoc2022Tests;
			productReference = 2D84C66A293A505C00FA9A78 /* aoc2022Tests.xctest */;
			productType = "com.apple.product-type.bundle.unit-test";
		};
		2D84C673293A505C00FA9A78 /* aoc2022UITests */ = {
			isa = PBXNativeTarget;
			buildConfigurationList = 2D84C684293A505C00FA9A78 /* Build configuration list for PBXNativeTarget "aoc2022UITests" */;
			buildPhases = (
				2D84C670293A505C00FA9A78 /* Sources */,
				2D84C671293A505C00FA9A78 /* Frameworks */,
				2D84C672293A505C00FA9A78 /* Resources */,
			);
			buildRules = (
			);
			dependencies = (
				2D84C676293A505C00FA9A78 /* PBXTargetDependency */,
			);
			name = aoc2022UITests;
			productName = aoc2022UITests;
			productReference = 2D84C674293A505C00FA9A78 /* aoc2022UITests.xctest */;
			productType = "com.apple.product-type.bundle.ui-testing";
		};
/* End PBXNativeTarget section */

/* Begin PBXProject section */
		2D84C652293A505A00FA9A78 /* Project object */ = {
			isa = PBXProject;
			attributes = {
				BuildIndependentTargetsInParallel = 1;
				LastSwiftUpdateCheck = 1410;
				LastUpgradeCheck = 1410;
				TargetAttributes = {
					2D84C659293A505A00FA9A78 = {
						CreatedOnToolsVersion = 14.1;
					};
					2D84C669293A505C00FA9A78 = {
						CreatedOnToolsVersion = 14.1;
						TestTargetID = 2D84C659293A505A00FA9A78;
					};
					2D84C673293A505C00FA9A78 = {
						CreatedOnToolsVersion = 14.1;
						TestTargetID = 2D84C659293A505A00FA9A78;
					};
				};
			};
			buildConfigurationList = 2D84C655293A505A00FA9A78 /* Build configuration list for PBXProject "aoc2022" */;
			compatibilityVersion = "Xcode 14.0";
			developmentRegion = en;
			hasScannedForEncodings = 0;
			knownRegions = (
				en,
				Base,
			);
			mainGroup = 2D84C651293A505A00FA9A78;
			productRefGroup = 2D84C65B293A505A00FA9A78 /* Products */;
			projectDirPath = "";
			projectRoot = "";
			targets = (
				2D84C659293A505A00FA9A78 /* aoc2022 */,
				2D84C669293A505C00FA9A78 /* aoc2022Tests */,
				2D84C673293A505C00FA9A78 /* aoc2022UITests */,
			);
		};
/* End PBXProject section */

/* Begin PBXResourcesBuildPhase section */
		2D84C658293A505A00FA9A78 /* Resources */ = {
			isa = PBXResourcesBuildPhase;
			buildActionMask = 2147483647;
			files = (
				2D84C665293A505B00FA9A78 /* Preview Assets.xcassets in Resources */,
				2D84C68F293A51B300FA9A78 /* day1.txt in Resources */,
				2D84C692293A51C300FA9A78 /* day2.txt in Resources */,
				2D84C662293A505B00FA9A78 /* Assets.xcassets in Resources */,
				2D84C6A3293E48E000FA9A78 /* day4.txt in Resources */,
				2D84C69C293E3EE800FA9A78 /* day3.txt in Resources */,
			);
			runOnlyForDeploymentPostprocessing = 0;
		};
		2D84C668293A505C00FA9A78 /* Resources */ = {
			isa = PBXResourcesBuildPhase;
			buildActionMask = 2147483647;
			files = (
				2D84C693293A51C300FA9A78 /* day2.txt in Resources */,
				2D84C69D293E3EED00FA9A78 /* day3.txt in Resources */,
				2D84C690293A51B300FA9A78 /* day1.txt in Resources */,
			);
			runOnlyForDeploymentPostprocessing = 0;
		};
		2D84C672293A505C00FA9A78 /* Resources */ = {
			isa = PBXResourcesBuildPhase;
			buildActionMask = 2147483647;
			files = (
			);
			runOnlyForDeploymentPostprocessing = 0;
		};
/* End PBXResourcesBuildPhase section */

/* Begin PBXSourcesBuildPhase section */
		2D84C656293A505A00FA9A78 /* Sources */ = {
			isa = PBXSourcesBuildPhase;
			buildActionMask = 2147483647;
			files = (
				2D84C688293A515F00FA9A78 /* Puzzle.swift in Sources */,
				2D84C699293A5A1B00FA9A78 /* day2.swift in Sources */,
				2D84C660293A505A00FA9A78 /* ContentView.swift in Sources */,
				2D84C68B293A516E00FA9A78 /* puzzleInputs.swift in Sources */,
				2D84C696293A51EE00FA9A78 /* day1.swift in Sources */,
				2D84C69F293E3EFD00FA9A78 /* day3.swift in Sources */,
				2D84C65E293A505A00FA9A78 /* aoc2022App.swift in Sources */,
				2D84C6A5293E495B00FA9A78 /* day4.swift in Sources */,
				2D84C6A1293E467C00FA9A78 /* ArrayExtensions.swift in Sources */,
			);
			runOnlyForDeploymentPostprocessing = 0;
		};
		2D84C666293A505C00FA9A78 /* Sources */ = {
			isa = PBXSourcesBuildPhase;
			buildActionMask = 2147483647;
			files = (
				2D84C697293A51EE00FA9A78 /* day1.swift in Sources */,
				2D84C68C293A516E00FA9A78 /* puzzleInputs.swift in Sources */,
				2D84C66F293A505C00FA9A78 /* aoc2022Tests.swift in Sources */,
				2D84C69A293A5A1B00FA9A78 /* day2.swift in Sources */,
				2D84C689293A515F00FA9A78 /* Puzzle.swift in Sources */,
			);
			runOnlyForDeploymentPostprocessing = 0;
		};
		2D84C670293A505C00FA9A78 /* Sources */ = {
			isa = PBXSourcesBuildPhase;
			buildActionMask = 2147483647;
			files = (
				2D84C67B293A505C00FA9A78 /* aoc2022UITestsLaunchTests.swift in Sources */,
				2D84C679293A505C00FA9A78 /* aoc2022UITests.swift in Sources */,
			);
			runOnlyForDeploymentPostprocessing = 0;
		};
/* End PBXSourcesBuildPhase section */

/* Begin PBXTargetDependency section */
		2D84C66C293A505C00FA9A78 /* PBXTargetDependency */ = {
			isa = PBXTargetDependency;
			target = 2D84C659293A505A00FA9A78 /* aoc2022 */;
			targetProxy = 2D84C66B293A505C00FA9A78 /* PBXContainerItemProxy */;
		};
		2D84C676293A505C00FA9A78 /* PBXTargetDependency */ = {
			isa = PBXTargetDependency;
			target = 2D84C659293A505A00FA9A78 /* aoc2022 */;
			targetProxy = 2D84C675293A505C00FA9A78 /* PBXContainerItemProxy */;
		};
/* End PBXTargetDependency section */

/* Begin XCBuildConfiguration section */
		2D84C67C293A505C00FA9A78 /* Debug */ = {
			isa = XCBuildConfiguration;
			buildSettings = {
				ALWAYS_SEARCH_USER_PATHS = NO;
				CLANG_ANALYZER_NONNULL = YES;
				CLANG_ANALYZER_NUMBER_OBJECT_CONVERSION = YES_AGGRESSIVE;
				CLANG_CXX_LANGUAGE_STANDARD = "gnu++20";
				CLANG_ENABLE_MODULES = YES;
				CLANG_ENABLE_OBJC_ARC = YES;
				CLANG_ENABLE_OBJC_WEAK = YES;
				CLANG_WARN_BLOCK_CAPTURE_AUTORELEASING = YES;
				CLANG_WARN_BOOL_CONVERSION = YES;
				CLANG_WARN_COMMA = YES;
				CLANG_WARN_CONSTANT_CONVERSION = YES;
				CLANG_WARN_DEPRECATED_OBJC_IMPLEMENTATIONS = YES;
				CLANG_WARN_DIRECT_OBJC_ISA_USAGE = YES_ERROR;
				CLANG_WARN_DOCUMENTATION_COMMENTS = YES;
				CLANG_WARN_EMPTY_BODY = YES;
				CLANG_WARN_ENUM_CONVERSION = YES;
				CLANG_WARN_INFINITE_RECURSION = YES;
				CLANG_WARN_INT_CONVERSION = YES;
				CLANG_WARN_NON_LITERAL_NULL_CONVERSION = YES;
				CLANG_WARN_OBJC_IMPLICIT_RETAIN_SELF = YES;
				CLANG_WARN_OBJC_LITERAL_CONVERSION = YES;
				CLANG_WARN_OBJC_ROOT_CLASS = YES_ERROR;
				CLANG_WARN_QUOTED_INCLUDE_IN_FRAMEWORK_HEADER = YES;
				CLANG_WARN_RANGE_LOOP_ANALYSIS = YES;
				CLANG_WARN_STRICT_PROTOTYPES = YES;
				CLANG_WARN_SUSPICIOUS_MOVE = YES;
				CLANG_WARN_UNGUARDED_AVAILABILITY = YES_AGGRESSIVE;
				CLANG_WARN_UNREACHABLE_CODE = YES;
				CLANG_WARN__DUPLICATE_METHOD_MATCH = YES;
				COPY_PHASE_STRIP = NO;
				DEBUG_INFORMATION_FORMAT = dwarf;
				ENABLE_STRICT_OBJC_MSGSEND = YES;
				ENABLE_TESTABILITY = YES;
				GCC_C_LANGUAGE_STANDARD = gnu11;
				GCC_DYNAMIC_NO_PIC = NO;
				GCC_NO_COMMON_BLOCKS = YES;
				GCC_OPTIMIZATION_LEVEL = 0;
				GCC_PREPROCESSOR_DEFINITIONS = (
					"DEBUG=1",
					"$(inherited)",
				);
				GCC_WARN_64_TO_32_BIT_CONVERSION = YES;
				GCC_WARN_ABOUT_RETURN_TYPE = YES_ERROR;
				GCC_WARN_UNDECLARED_SELECTOR = YES;
				GCC_WARN_UNINITIALIZED_AUTOS = YES_AGGRESSIVE;
				GCC_WARN_UNUSED_FUNCTION = YES;
				GCC_WARN_UNUSED_VARIABLE = YES;
				IPHONEOS_DEPLOYMENT_TARGET = 16.1;
				MTL_ENABLE_DEBUG_INFO = INCLUDE_SOURCE;
				MTL_FAST_MATH = YES;
				ONLY_ACTIVE_ARCH = YES;
				SDKROOT = iphoneos;
				SWIFT_ACTIVE_COMPILATION_CONDITIONS = DEBUG;
				SWIFT_OPTIMIZATION_LEVEL = "-Onone";
			};
			name = Debug;
		};
		2D84C67D293A505C00FA9A78 /* Release */ = {
			isa = XCBuildConfiguration;
			buildSettings = {
				ALWAYS_SEARCH_USER_PATHS = NO;
				CLANG_ANALYZER_NONNULL = YES;
				CLANG_ANALYZER_NUMBER_OBJECT_CONVERSION = YES_AGGRESSIVE;
				CLANG_CXX_LANGUAGE_STANDARD = "gnu++20";
				CLANG_ENABLE_MODULES = YES;
				CLANG_ENABLE_OBJC_ARC = YES;
				CLANG_ENABLE_OBJC_WEAK = YES;
				CLANG_WARN_BLOCK_CAPTURE_AUTORELEASING = YES;
				CLANG_WARN_BOOL_CONVERSION = YES;
				CLANG_WARN_COMMA = YES;
				CLANG_WARN_CONSTANT_CONVERSION = YES;
				CLANG_WARN_DEPRECATED_OBJC_IMPLEMENTATIONS = YES;
				CLANG_WARN_DIRECT_OBJC_ISA_USAGE = YES_ERROR;
				CLANG_WARN_DOCUMENTATION_COMMENTS = YES;
				CLANG_WARN_EMPTY_BODY = YES;
				CLANG_WARN_ENUM_CONVERSION = YES;
				CLANG_WARN_INFINITE_RECURSION = YES;
				CLANG_WARN_INT_CONVERSION = YES;
				CLANG_WARN_NON_LITERAL_NULL_CONVERSION = YES;
				CLANG_WARN_OBJC_IMPLICIT_RETAIN_SELF = YES;
				CLANG_WARN_OBJC_LITERAL_CONVERSION = YES;
				CLANG_WARN_OBJC_ROOT_CLASS = YES_ERROR;
				CLANG_WARN_QUOTED_INCLUDE_IN_FRAMEWORK_HEADER = YES;
				CLANG_WARN_RANGE_LOOP_ANALYSIS = YES;
				CLANG_WARN_STRICT_PROTOTYPES = YES;
				CLANG_WARN_SUSPICIOUS_MOVE = YES;
				CLANG_WARN_UNGUARDED_AVAILABILITY = YES_AGGRESSIVE;
				CLANG_WARN_UNREACHABLE_CODE = YES;
				CLANG_WARN__DUPLICATE_METHOD_MATCH = YES;
				COPY_PHASE_STRIP = NO;
				DEBUG_INFORMATION_FORMAT = "dwarf-with-dsym";
				ENABLE_NS_ASSERTIONS = NO;
				ENABLE_STRICT_OBJC_MSGSEND = YES;
				GCC_C_LANGUAGE_STANDARD = gnu11;
				GCC_NO_COMMON_BLOCKS = YES;
				GCC_WARN_64_TO_32_BIT_CONVERSION = YES;
				GCC_WARN_ABOUT_RETURN_TYPE = YES_ERROR;
				GCC_WARN_UNDECLARED_SELECTOR = YES;
				GCC_WARN_UNINITIALIZED_AUTOS = YES_AGGRESSIVE;
				GCC_WARN_UNUSED_FUNCTION = YES;
				GCC_WARN_UNUSED_VARIABLE = YES;
				IPHONEOS_DEPLOYMENT_TARGET = 16.1;
				MTL_ENABLE_DEBUG_INFO = NO;
				MTL_FAST_MATH = YES;
				SDKROOT = iphoneos;
				SWIFT_COMPILATION_MODE = wholemodule;
				SWIFT_OPTIMIZATION_LEVEL = "-O";
				VALIDATE_PRODUCT = YES;
			};
			name = Release;
		};
		2D84C67F293A505C00FA9A78 /* Debug */ = {
			isa = XCBuildConfiguration;
			buildSettings = {
				ASSETCATALOG_COMPILER_APPICON_NAME = AppIcon;
				ASSETCATALOG_COMPILER_GLOBAL_ACCENT_COLOR_NAME = AccentColor;
				CODE_SIGN_STYLE = Automatic;
				CURRENT_PROJECT_VERSION = 1;
				DEVELOPMENT_ASSET_PATHS = "\"aoc2022/Preview Content\"";
				DEVELOPMENT_TEAM = 687RKU9F8U;
				ENABLE_PREVIEWS = YES;
				GENERATE_INFOPLIST_FILE = YES;
				INFOPLIST_KEY_UIApplicationSceneManifest_Generation = YES;
				INFOPLIST_KEY_UIApplicationSupportsIndirectInputEvents = YES;
				INFOPLIST_KEY_UILaunchScreen_Generation = YES;
				INFOPLIST_KEY_UISupportedInterfaceOrientations_iPad = "UIInterfaceOrientationPortrait UIInterfaceOrientationPortraitUpsideDown UIInterfaceOrientationLandscapeLeft UIInterfaceOrientationLandscapeRight";
				INFOPLIST_KEY_UISupportedInterfaceOrientations_iPhone = "UIInterfaceOrientationPortrait UIInterfaceOrientationLandscapeLeft UIInterfaceOrientationLandscapeRight";
				LD_RUNPATH_SEARCH_PATHS = (
					"$(inherited)",
					"@executable_path/Frameworks",
				);
				MARKETING_VERSION = 1.0;
				PRODUCT_BUNDLE_IDENTIFIER = com.benliset.aoc2022;
				PRODUCT_NAME = "$(TARGET_NAME)";
				SWIFT_EMIT_LOC_STRINGS = YES;
				SWIFT_VERSION = 5.0;
				TARGETED_DEVICE_FAMILY = "1,2";
			};
			name = Debug;
		};
		2D84C680293A505C00FA9A78 /* Release */ = {
			isa = XCBuildConfiguration;
			buildSettings = {
				ASSETCATALOG_COMPILER_APPICON_NAME = AppIcon;
				ASSETCATALOG_COMPILER_GLOBAL_ACCENT_COLOR_NAME = AccentColor;
				CODE_SIGN_STYLE = Automatic;
				CURRENT_PROJECT_VERSION = 1;
				DEVELOPMENT_ASSET_PATHS = "\"aoc2022/Preview Content\"";
				DEVELOPMENT_TEAM = 687RKU9F8U;
				ENABLE_PREVIEWS = YES;
				GENERATE_INFOPLIST_FILE = YES;
				INFOPLIST_KEY_UIApplicationSceneManifest_Generation = YES;
				INFOPLIST_KEY_UIApplicationSupportsIndirectInputEvents = YES;
				INFOPLIST_KEY_UILaunchScreen_Generation = YES;
				INFOPLIST_KEY_UISupportedInterfaceOrientations_iPad = "UIInterfaceOrientationPortrait UIInterfaceOrientationPortraitUpsideDown UIInterfaceOrientationLandscapeLeft UIInterfaceOrientationLandscapeRight";
				INFOPLIST_KEY_UISupportedInterfaceOrientations_iPhone = "UIInterfaceOrientationPortrait UIInterfaceOrientationLandscapeLeft UIInterfaceOrientationLandscapeRight";
				LD_RUNPATH_SEARCH_PATHS = (
					"$(inherited)",
					"@executable_path/Frameworks",
				);
				MARKETING_VERSION = 1.0;
				PRODUCT_BUNDLE_IDENTIFIER = com.benliset.aoc2022;
				PRODUCT_NAME = "$(TARGET_NAME)";
				SWIFT_EMIT_LOC_STRINGS = YES;
				SWIFT_VERSION = 5.0;
				TARGETED_DEVICE_FAMILY = "1,2";
			};
			name = Release;
		};
		2D84C682293A505C00FA9A78 /* Debug */ = {
			isa = XCBuildConfiguration;
			buildSettings = {
				ALWAYS_EMBED_SWIFT_STANDARD_LIBRARIES = YES;
				BUNDLE_LOADER = "$(TEST_HOST)";
				CODE_SIGN_STYLE = Automatic;
				CURRENT_PROJECT_VERSION = 1;
				DEVELOPMENT_TEAM = 687RKU9F8U;
				GENERATE_INFOPLIST_FILE = YES;
				IPHONEOS_DEPLOYMENT_TARGET = 16.1;
				MARKETING_VERSION = 1.0;
				PRODUCT_BUNDLE_IDENTIFIER = com.benliset.aoc2022Tests;
				PRODUCT_NAME = "$(TARGET_NAME)";
				SWIFT_EMIT_LOC_STRINGS = NO;
				SWIFT_VERSION = 5.0;
				TARGETED_DEVICE_FAMILY = "1,2";
				TEST_HOST = "$(BUILT_PRODUCTS_DIR)/aoc2022.app/$(BUNDLE_EXECUTABLE_FOLDER_PATH)/aoc2022";
			};
			name = Debug;
		};
		2D84C683293A505C00FA9A78 /* Release */ = {
			isa = XCBuildConfiguration;
			buildSettings = {
				ALWAYS_EMBED_SWIFT_STANDARD_LIBRARIES = YES;
				BUNDLE_LOADER = "$(TEST_HOST)";
				CODE_SIGN_STYLE = Automatic;
				CURRENT_PROJECT_VERSION = 1;
				DEVELOPMENT_TEAM = 687RKU9F8U;
				GENERATE_INFOPLIST_FILE = YES;
				IPHONEOS_DEPLOYMENT_TARGET = 16.1;
				MARKETING_VERSION = 1.0;
				PRODUCT_BUNDLE_IDENTIFIER = com.benliset.aoc2022Tests;
				PRODUCT_NAME = "$(TARGET_NAME)";
				SWIFT_EMIT_LOC_STRINGS = NO;
				SWIFT_VERSION = 5.0;
				TARGETED_DEVICE_FAMILY = "1,2";
				TEST_HOST = "$(BUILT_PRODUCTS_DIR)/aoc2022.app/$(BUNDLE_EXECUTABLE_FOLDER_PATH)/aoc2022";
			};
			name = Release;
		};
		2D84C685293A505C00FA9A78 /* Debug */ = {
			isa = XCBuildConfiguration;
			buildSettings = {
				ALWAYS_EMBED_SWIFT_STANDARD_LIBRARIES = YES;
				CODE_SIGN_STYLE = Automatic;
				CURRENT_PROJECT_VERSION = 1;
				DEVELOPMENT_TEAM = 687RKU9F8U;
				GENERATE_INFOPLIST_FILE = YES;
				MARKETING_VERSION = 1.0;
				PRODUCT_BUNDLE_IDENTIFIER = com.benliset.aoc2022UITests;
				PRODUCT_NAME = "$(TARGET_NAME)";
				SWIFT_EMIT_LOC_STRINGS = NO;
				SWIFT_VERSION = 5.0;
				TARGETED_DEVICE_FAMILY = "1,2";
				TEST_TARGET_NAME = aoc2022;
			};
			name = Debug;
		};
		2D84C686293A505C00FA9A78 /* Release */ = {
			isa = XCBuildConfiguration;
			buildSettings = {
				ALWAYS_EMBED_SWIFT_STANDARD_LIBRARIES = YES;
				CODE_SIGN_STYLE = Automatic;
				CURRENT_PROJECT_VERSION = 1;
				DEVELOPMENT_TEAM = 687RKU9F8U;
				GENERATE_INFOPLIST_FILE = YES;
				MARKETING_VERSION = 1.0;
				PRODUCT_BUNDLE_IDENTIFIER = com.benliset.aoc2022UITests;
				PRODUCT_NAME = "$(TARGET_NAME)";
				SWIFT_EMIT_LOC_STRINGS = NO;
				SWIFT_VERSION = 5.0;
				TARGETED_DEVICE_FAMILY = "1,2";
				TEST_TARGET_NAME = aoc2022;
			};
			name = Release;
		};
/* End XCBuildConfiguration section */

/* Begin XCConfigurationList section */
		2D84C655293A505A00FA9A78 /* Build configuration list for PBXProject "aoc2022" */ = {
			isa = XCConfigurationList;
			buildConfigurations = (
				2D84C67C293A505C00FA9A78 /* Debug */,
				2D84C67D293A505C00FA9A78 /* Release */,
			);
			defaultConfigurationIsVisible = 0;
			defaultConfigurationName = Release;
		};
		2D84C67E293A505C00FA9A78 /* Build configuration list for PBXNativeTarget "aoc2022" */ = {
			isa = XCConfigurationList;
			buildConfigurations = (
				2D84C67F293A505C00FA9A78 /* Debug */,
				2D84C680293A505C00FA9A78 /* Release */,
			);
			defaultConfigurationIsVisible = 0;
			defaultConfigurationName = Release;
		};
		2D84C681293A505C00FA9A78 /* Build configuration list for PBXNativeTarget "aoc2022Tests" */ = {
			isa = XCConfigurationList;
			buildConfigurations = (
				2D84C682293A505C00FA9A78 /* Debug */,
				2D84C683293A505C00FA9A78 /* Release */,
			);
			defaultConfigurationIsVisible = 0;
			defaultConfigurationName = Release;
		};
		2D84C684293A505C00FA9A78 /* Build configuration list for PBXNativeTarget "aoc2022UITests" */ = {
			isa = XCConfigurationList;
			buildConfigurations = (
				2D84C685293A505C00FA9A78 /* Debug */,
				2D84C686293A505C00FA9A78 /* Release */,
			);
			defaultConfigurationIsVisible = 0;
			defaultConfigurationName = Release;
		};
/* End XCConfigurationList section */
	};
	rootObject = 2D84C652293A505A00FA9A78 /* Project object */;
}
